
Microsoft Visual Studio Solution File, Format Version 12.00
# Visual Studio 15
VisualStudioVersion = 15.0.28307.757
MinimumVisualStudioVersion = 10.0.40219.1
Project("{FAE04EC0-301F-11D3-BF4B-00C04F79EFBC}") = "WindowsFormsApp8", "WindowsFormsApp8\WindowsFormsApp8.csproj", "{A753632A-01BF-4899-A116-508FCFDF521D}"
EndProject
Global
	GlobalSection(SolutionConfigurationPlatforms) = preSolution
		Debug|Any CPU = Debug|Any CPU
		Release|Any CPU = Release|Any CPU
	EndGlobalSection
	GlobalSection(ProjectConfigurationPlatforms) = postSolution
		{A753632A-01BF-4899-A116-508FCFDF521D}.Debug|Any CPU.ActiveCfg = Debug|Any CPU
		{A753632A-01BF-4899-A116-508FCFDF521D}.Debug|Any CPU.Build.0 = Debug|Any CPU
		{A753632A-01BF-4899-A116-508FCFDF521D}.Release|Any CPU.ActiveCfg = Release|Any CPU
		{A753632A-01BF-4899-A116-508FCFDF521D}.Release|Any CPU.Build.0 = Release|Any CPU
	EndGlobalSection
	GlobalSection(SolutionProperties) = preSolution
		HideSolutionNode = FALSE
	EndGlobalSection
	GlobalSection(ExtensibilityGlobals) = postSolution
		SolutionGuid = {1CDCB038-54C6-4A11-A733-BE028FAD15AF}
	EndGlobalSection
EndGlobal
